
Microsoft Visual Studio Solution File, Format Version 12.00
# Visual Studio Version 17
VisualStudioVersion = 17.0.31912.275
MinimumVisualStudioVersion = 10.0.40219.1
Project("{FAE04EC0-301F-11D3-BF4B-00C04F79EFBC}") = "Kensaku32go", "Kensaku32go.csproj", "{B052A4A5-6FA5-4900-9608-4BCFC8C905BD}"
EndProject
Project("{FAE04EC0-301F-11D3-BF4B-00C04F79EFBC}") = "GenTbl", "GenTbl\GenTbl.csproj", "{99A57709-A58B-43CA-8615-2E45476D8EA6}"
EndProject
Project("{2150E333-8FDC-42A3-9474-1A3956D46DE8}") = "Solution Items", "Solution Items", "{79EC75C3-AF1E-42CE-8D3C-02569A4FE6E5}"
	ProjectSection(SolutionItems) = preProject
		.editorconfig = .editorconfig
	EndProjectSection
EndProject
Project("{FAE04EC0-301F-11D3-BF4B-00C04F79EFBC}") = "TestIFilter", "TestIFilter\TestIFilter.csproj", "{399CCA8D-BE82-4B52-A747-1A467BACDF59}"
EndProject
Project("{FAE04EC0-301F-11D3-BF4B-00C04F79EFBC}") = "LibIFilter", "LibIFilter\LibIFilter.csproj", "{552187E6-8678-43C8-A874-602A30E2C135}"
EndProject
Project("{8BC9CEB8-8B4A-11D0-8D11-00A0C91BC942}") = "IFilterProxy", "IFilterProxy\IFilterProxy.vcxproj", "{2DCA1BAE-1D46-4FF4-8C66-A3FDC59AC7E0}"
EndProject
Global
	GlobalSection(SolutionConfigurationPlatforms) = preSolution
		Debug|Any CPU = Debug|Any CPU
		Debug|Mixed Platforms = Debug|Mixed Platforms
		Debug|x64 = Debug|x64
		Debug|x86 = Debug|x86
		Release|Any CPU = Release|Any CPU
		Release|Mixed Platforms = Release|Mixed Platforms
		Release|x64 = Release|x64
		Release|x86 = Release|x86
	EndGlobalSection
	GlobalSection(ProjectConfigurationPlatforms) = postSolution
		{B052A4A5-6FA5-4900-9608-4BCFC8C905BD}.Debug|Any CPU.ActiveCfg = Debug|Any CPU
		{B052A4A5-6FA5-4900-9608-4BCFC8C905BD}.Debug|Any CPU.Build.0 = Debug|Any CPU
		{B052A4A5-6FA5-4900-9608-4BCFC8C905BD}.Debug|Mixed Platforms.ActiveCfg = Debug|x86
		{B052A4A5-6FA5-4900-9608-4BCFC8C905BD}.Debug|Mixed Platforms.Build.0 = Debug|x86
		{B052A4A5-6FA5-4900-9608-4BCFC8C905BD}.Debug|x64.ActiveCfg = Debug|x64
		{B052A4A5-6FA5-4900-9608-4BCFC8C905BD}.Debug|x64.Build.0 = Debug|x64
		{B052A4A5-6FA5-4900-9608-4BCFC8C905BD}.Debug|x86.ActiveCfg = Debug|x86
		{B052A4A5-6FA5-4900-9608-4BCFC8C905BD}.Debug|x86.Build.0 = Debug|x86
		{B052A4A5-6FA5-4900-9608-4BCFC8C905BD}.Release|Any CPU.ActiveCfg = Release|Any CPU
		{B052A4A5-6FA5-4900-9608-4BCFC8C905BD}.Release|Any CPU.Build.0 = Release|Any CPU
		{B052A4A5-6FA5-4900-9608-4BCFC8C905BD}.Release|Mixed Platforms.ActiveCfg = Release|x86
		{B052A4A5-6FA5-4900-9608-4BCFC8C905BD}.Release|Mixed Platforms.Build.0 = Release|x86
		{B052A4A5-6FA5-4900-9608-4BCFC8C905BD}.Release|x64.ActiveCfg = Release|x64
		{B052A4A5-6FA5-4900-9608-4BCFC8C905BD}.Release|x64.Build.0 = Release|x64
		{B052A4A5-6FA5-4900-9608-4BCFC8C905BD}.Release|x86.ActiveCfg = Release|x86
		{B052A4A5-6FA5-4900-9608-4BCFC8C905BD}.Release|x86.Build.0 = Release|x86
		{99A57709-A58B-43CA-8615-2E45476D8EA6}.Debug|Any CPU.ActiveCfg = Debug|Any CPU
		{99A57709-A58B-43CA-8615-2E45476D8EA6}.Debug|Any CPU.Build.0 = Debug|Any CPU
		{99A57709-A58B-43CA-8615-2E45476D8EA6}.Debug|Mixed Platforms.ActiveCfg = Debug|Any CPU
		{99A57709-A58B-43CA-8615-2E45476D8EA6}.Debug|Mixed Platforms.Build.0 = Debug|Any CPU
		{99A57709-A58B-43CA-8615-2E45476D8EA6}.Debug|x64.ActiveCfg = Debug|Any CPU
		{99A57709-A58B-43CA-8615-2E45476D8EA6}.Debug|x86.ActiveCfg = Debug|Any CPU
		{99A57709-A58B-43CA-8615-2E45476D8EA6}.Release|Any CPU.ActiveCfg = Release|Any CPU
		{99A57709-A58B-43CA-8615-2E45476D8EA6}.Release|Any CPU.Build.0 = Release|Any CPU
		{99A57709-A58B-43CA-8615-2E45476D8EA6}.Release|Mixed Platforms.ActiveCfg = Release|Any CPU
		{99A57709-A58B-43CA-8615-2E45476D8EA6}.Release|Mixed Platforms.Build.0 = Release|Any CPU
		{99A57709-A58B-43CA-8615-2E45476D8EA6}.Release|x64.ActiveCfg = Release|Any CPU
		{99A57709-A58B-43CA-8615-2E45476D8EA6}.Release|x86.ActiveCfg = Release|Any CPU
		{399CCA8D-BE82-4B52-A747-1A467BACDF59}.Debug|Any CPU.ActiveCfg = Debug|Any CPU
		{399CCA8D-BE82-4B52-A747-1A467BACDF59}.Debug|Any CPU.Build.0 = Debug|Any CPU
		{399CCA8D-BE82-4B52-A747-1A467BACDF59}.Debug|Mixed Platforms.ActiveCfg = Debug|Any CPU
		{399CCA8D-BE82-4B52-A747-1A467BACDF59}.Debug|Mixed Platforms.Build.0 = Debug|Any CPU
		{399CCA8D-BE82-4B52-A747-1A467BACDF59}.Debug|x64.ActiveCfg = Debug|x64
		{399CCA8D-BE82-4B52-A747-1A467BACDF59}.Debug|x64.Build.0 = Debug|x64
		{399CCA8D-BE82-4B52-A747-1A467BACDF59}.Debug|x86.ActiveCfg = Debug|x86
		{399CCA8D-BE82-4B52-A747-1A467BACDF59}.Debug|x86.Build.0 = Debug|x86
		{399CCA8D-BE82-4B52-A747-1A467BACDF59}.Release|Any CPU.ActiveCfg = Release|Any CPU
		{399CCA8D-BE82-4B52-A747-1A467BACDF59}.Release|Any CPU.Build.0 = Release|Any CPU
		{399CCA8D-BE82-4B52-A747-1A467BACDF59}.Release|Mixed Platforms.ActiveCfg = Release|Any CPU
		{399CCA8D-BE82-4B52-A747-1A467BACDF59}.Release|Mixed Platforms.Build.0 = Release|Any CPU
		{399CCA8D-BE82-4B52-A747-1A467BACDF59}.Release|x64.ActiveCfg = Release|Any CPU
		{399CCA8D-BE82-4B52-A747-1A467BACDF59}.Release|x64.Build.0 = Release|Any CPU
		{399CCA8D-BE82-4B52-A747-1A467BACDF59}.Release|x86.ActiveCfg = Release|Any CPU
		{399CCA8D-BE82-4B52-A747-1A467BACDF59}.Release|x86.Build.0 = Release|Any CPU
		{552187E6-8678-43C8-A874-602A30E2C135}.Debug|Any CPU.ActiveCfg = Debug|Any CPU
		{552187E6-8678-43C8-A874-602A30E2C135}.Debug|Any CPU.Build.0 = Debug|Any CPU
		{552187E6-8678-43C8-A874-602A30E2C135}.Debug|Mixed Platforms.ActiveCfg = Debug|Any CPU
		{552187E6-8678-43C8-A874-602A30E2C135}.Debug|Mixed Platforms.Build.0 = Debug|Any CPU
		{552187E6-8678-43C8-A874-602A30E2C135}.Debug|x64.ActiveCfg = Debug|Any CPU
		{552187E6-8678-43C8-A874-602A30E2C135}.Debug|x64.Build.0 = Debug|Any CPU
		{552187E6-8678-43C8-A874-602A30E2C135}.Debug|x86.ActiveCfg = Debug|Any CPU
		{552187E6-8678-43C8-A874-602A30E2C135}.Debug|x86.Build.0 = Debug|Any CPU
		{552187E6-8678-43C8-A874-602A30E2C135}.Release|Any CPU.ActiveCfg = Release|Any CPU
		{552187E6-8678-43C8-A874-602A30E2C135}.Release|Any CPU.Build.0 = Release|Any CPU
		{552187E6-8678-43C8-A874-602A30E2C135}.Release|Mixed Platforms.ActiveCfg = Release|Any CPU
		{552187E6-8678-43C8-A874-602A30E2C135}.Release|Mixed Platforms.Build.0 = Release|Any CPU
		{552187E6-8678-43C8-A874-602A30E2C135}.Release|x64.ActiveCfg = Release|Any CPU
		{552187E6-8678-43C8-A874-602A30E2C135}.Release|x64.Build.0 = Release|Any CPU
		{552187E6-8678-43C8-A874-602A30E2C135}.Release|x86.ActiveCfg = Release|Any CPU
		{552187E6-8678-43C8-A874-602A30E2C135}.Release|x86.Build.0 = Release|Any CPU
		{2DCA1BAE-1D46-4FF4-8C66-A3FDC59AC7E0}.Debug|Any CPU.ActiveCfg = Debug|x64
		{2DCA1BAE-1D46-4FF4-8C66-A3FDC59AC7E0}.Debug|Any CPU.Build.0 = Debug|x64
		{2DCA1BAE-1D46-4FF4-8C66-A3FDC59AC7E0}.Debug|Mixed Platforms.ActiveCfg = Debug|x64
		{2DCA1BAE-1D46-4FF4-8C66-A3FDC59AC7E0}.Debug|Mixed Platforms.Build.0 = Debug|x64
		{2DCA1BAE-1D46-4FF4-8C66-A3FDC59AC7E0}.Debug|x64.ActiveCfg = Debug|x64
		{2DCA1BAE-1D46-4FF4-8C66-A3FDC59AC7E0}.Debug|x64.Build.0 = Debug|x64
		{2DCA1BAE-1D46-4FF4-8C66-A3FDC59AC7E0}.Debug|x86.ActiveCfg = Debug|Win32
		{2DCA1BAE-1D46-4FF4-8C66-A3FDC59AC7E0}.Debug|x86.Build.0 = Debug|Win32
		{2DCA1BAE-1D46-4FF4-8C66-A3FDC59AC7E0}.Release|Any CPU.ActiveCfg = Release|x64
		{2DCA1BAE-1D46-4FF4-8C66-A3FDC59AC7E0}.Release|Any CPU.Build.0 = Release|x64
		{2DCA1BAE-1D46-4FF4-8C66-A3FDC59AC7E0}.Release|Mixed Platforms.ActiveCfg = Release|x64
		{2DCA1BAE-1D46-4FF4-8C66-A3FDC59AC7E0}.Release|Mixed Platforms.Build.0 = Release|x64
		{2DCA1BAE-1D46-4FF4-8C66-A3FDC59AC7E0}.Release|x64.ActiveCfg = Release|x64
		{2DCA1BAE-1D46-4FF4-8C66-A3FDC59AC7E0}.Release|x64.Build.0 = Release|x64
		{2DCA1BAE-1D46-4FF4-8C66-A3FDC59AC7E0}.Release|x86.ActiveCfg = Release|Win32
		{2DCA1BAE-1D46-4FF4-8C66-A3FDC59AC7E0}.Release|x86.Build.0 = Release|Win32
	EndGlobalSection
	GlobalSection(SolutionProperties) = preSolution
		HideSolutionNode = FALSE
	EndGlobalSection
	GlobalSection(ExtensibilityGlobals) = postSolution
		SolutionGuid = {A23B7043-67C3-478C-A5AF-460D16962142}
	EndGlobalSection
EndGlobal
