
Microsoft Visual Studio Solution File, Format Version 12.00
# Visual Studio Express 2012 for Windows Desktop
Project("{FAE04EC0-301F-11D3-BF4B-00C04F79EFBC}") = "Kensaku32go", "Kensaku32go.csproj", "{B052A4A5-6FA5-4900-9608-4BCFC8C905BD}"
EndProject
Project("{FAE04EC0-301F-11D3-BF4B-00C04F79EFBC}") = "GenTbl", "GenTbl\GenTbl.csproj", "{99A57709-A58B-43CA-8615-2E45476D8EA6}"
EndProject
Global
	GlobalSection(SolutionConfigurationPlatforms) = preSolution
		Debug|Any CPU = Debug|Any CPU
		Debug|Mixed Platforms = Debug|Mixed Platforms
		Debug|x64 = Debug|x64
		Debug|x86 = Debug|x86
		Release|Any CPU = Release|Any CPU
		Release|Mixed Platforms = Release|Mixed Platforms
		Release|x64 = Release|x64
		Release|x86 = Release|x86
	EndGlobalSection
	GlobalSection(ProjectConfigurationPlatforms) = postSolution
		{B052A4A5-6FA5-4900-9608-4BCFC8C905BD}.Debug|Any CPU.ActiveCfg = Debug|Any CPU
		{B052A4A5-6FA5-4900-9608-4BCFC8C905BD}.Debug|Any CPU.Build.0 = Debug|Any CPU
		{B052A4A5-6FA5-4900-9608-4BCFC8C905BD}.Debug|Mixed Platforms.ActiveCfg = Debug|x86
		{B052A4A5-6FA5-4900-9608-4BCFC8C905BD}.Debug|Mixed Platforms.Build.0 = Debug|x86
		{B052A4A5-6FA5-4900-9608-4BCFC8C905BD}.Debug|x64.ActiveCfg = Debug|x64
		{B052A4A5-6FA5-4900-9608-4BCFC8C905BD}.Debug|x64.Build.0 = Debug|x64
		{B052A4A5-6FA5-4900-9608-4BCFC8C905BD}.Debug|x86.ActiveCfg = Debug|x86
		{B052A4A5-6FA5-4900-9608-4BCFC8C905BD}.Debug|x86.Build.0 = Debug|x86
		{B052A4A5-6FA5-4900-9608-4BCFC8C905BD}.Release|Any CPU.ActiveCfg = Release|Any CPU
		{B052A4A5-6FA5-4900-9608-4BCFC8C905BD}.Release|Any CPU.Build.0 = Release|Any CPU
		{B052A4A5-6FA5-4900-9608-4BCFC8C905BD}.Release|Mixed Platforms.ActiveCfg = Release|x86
		{B052A4A5-6FA5-4900-9608-4BCFC8C905BD}.Release|Mixed Platforms.Build.0 = Release|x86
		{B052A4A5-6FA5-4900-9608-4BCFC8C905BD}.Release|x64.ActiveCfg = Release|x64
		{B052A4A5-6FA5-4900-9608-4BCFC8C905BD}.Release|x64.Build.0 = Release|x64
		{B052A4A5-6FA5-4900-9608-4BCFC8C905BD}.Release|x86.ActiveCfg = Release|x86
		{B052A4A5-6FA5-4900-9608-4BCFC8C905BD}.Release|x86.Build.0 = Release|x86
		{99A57709-A58B-43CA-8615-2E45476D8EA6}.Debug|Any CPU.ActiveCfg = Debug|Any CPU
		{99A57709-A58B-43CA-8615-2E45476D8EA6}.Debug|Any CPU.Build.0 = Debug|Any CPU
		{99A57709-A58B-43CA-8615-2E45476D8EA6}.Debug|Mixed Platforms.ActiveCfg = Debug|Any CPU
		{99A57709-A58B-43CA-8615-2E45476D8EA6}.Debug|Mixed Platforms.Build.0 = Debug|Any CPU
		{99A57709-A58B-43CA-8615-2E45476D8EA6}.Debug|x64.ActiveCfg = Debug|Any CPU
		{99A57709-A58B-43CA-8615-2E45476D8EA6}.Debug|x86.ActiveCfg = Debug|Any CPU
		{99A57709-A58B-43CA-8615-2E45476D8EA6}.Release|Any CPU.ActiveCfg = Release|Any CPU
		{99A57709-A58B-43CA-8615-2E45476D8EA6}.Release|Any CPU.Build.0 = Release|Any CPU
		{99A57709-A58B-43CA-8615-2E45476D8EA6}.Release|Mixed Platforms.ActiveCfg = Release|Any CPU
		{99A57709-A58B-43CA-8615-2E45476D8EA6}.Release|Mixed Platforms.Build.0 = Release|Any CPU
		{99A57709-A58B-43CA-8615-2E45476D8EA6}.Release|x64.ActiveCfg = Release|Any CPU
		{99A57709-A58B-43CA-8615-2E45476D8EA6}.Release|x86.ActiveCfg = Release|Any CPU
	EndGlobalSection
	GlobalSection(SolutionProperties) = preSolution
		HideSolutionNode = FALSE
	EndGlobalSection
EndGlobal
